
Microsoft Visual Studio Solution File, Format Version 12.00
# Visual Studio Version 16
VisualStudioVersion = 16.0.30804.86
MinimumVisualStudioVersion = 10.0.40219.1
Project("{FAE04EC0-301F-11D3-BF4B-00C04F79EFBC}") = "SimpleSignupSystem", "SimpleSignupSystem\SimpleSignupSystem.csproj", "{8F650E27-3464-4EDA-BCD9-B968CFBB0987}"
EndProject
Project("{FAE04EC0-301F-11D3-BF4B-00C04F79EFBC}") = "SimpleSignupSystem.Tests", "SimpleSignupSystem.Tests\SimpleSignupSystem.Tests.csproj", "{65BA3387-8DEC-47C6-AAFC-3DD7DB55903A}"
EndProject
Global
	GlobalSection(SolutionConfigurationPlatforms) = preSolution
		Debug|Any CPU = Debug|Any CPU
		Release|Any CPU = Release|Any CPU
	EndGlobalSection
	GlobalSection(ProjectConfigurationPlatforms) = postSolution
		{8F650E27-3464-4EDA-BCD9-B968CFBB0987}.Debug|Any CPU.ActiveCfg = Debug|Any CPU
		{8F650E27-3464-4EDA-BCD9-B968CFBB0987}.Debug|Any CPU.Build.0 = Debug|Any CPU
		{8F650E27-3464-4EDA-BCD9-B968CFBB0987}.Release|Any CPU.ActiveCfg = Release|Any CPU
		{8F650E27-3464-4EDA-BCD9-B968CFBB0987}.Release|Any CPU.Build.0 = Release|Any CPU
		{65BA3387-8DEC-47C6-AAFC-3DD7DB55903A}.Debug|Any CPU.ActiveCfg = Debug|Any CPU
		{65BA3387-8DEC-47C6-AAFC-3DD7DB55903A}.Debug|Any CPU.Build.0 = Debug|Any CPU
		{65BA3387-8DEC-47C6-AAFC-3DD7DB55903A}.Release|Any CPU.ActiveCfg = Release|Any CPU
		{65BA3387-8DEC-47C6-AAFC-3DD7DB55903A}.Release|Any CPU.Build.0 = Release|Any CPU
	EndGlobalSection
	GlobalSection(SolutionProperties) = preSolution
		HideSolutionNode = FALSE
	EndGlobalSection
	GlobalSection(ExtensibilityGlobals) = postSolution
		SolutionGuid = {63DCA0F4-B52D-4E28-8874-7C0E20DB2BA8}
	EndGlobalSection
EndGlobal
