
Microsoft Visual Studio Solution File, Format Version 12.00
# Visual Studio 15
VisualStudioVersion = 15.0.28307.271
MinimumVisualStudioVersion = 10.0.40219.1
Project("{FAE04EC0-301F-11D3-BF4B-00C04F79EFBC}") = "03Model_ADOnet", "03Model_ADOnet\03Model_ADOnet.csproj", "{3213AB7F-6A10-46A3-929A-A51F583ECACC}"
EndProject
Global
	GlobalSection(SolutionConfigurationPlatforms) = preSolution
		Debug|Any CPU = Debug|Any CPU
		Release|Any CPU = Release|Any CPU
	EndGlobalSection
	GlobalSection(ProjectConfigurationPlatforms) = postSolution
		{3213AB7F-6A10-46A3-929A-A51F583ECACC}.Debug|Any CPU.ActiveCfg = Debug|Any CPU
		{3213AB7F-6A10-46A3-929A-A51F583ECACC}.Debug|Any CPU.Build.0 = Debug|Any CPU
		{3213AB7F-6A10-46A3-929A-A51F583ECACC}.Release|Any CPU.ActiveCfg = Release|Any CPU
		{3213AB7F-6A10-46A3-929A-A51F583ECACC}.Release|Any CPU.Build.0 = Release|Any CPU
	EndGlobalSection
	GlobalSection(SolutionProperties) = preSolution
		HideSolutionNode = FALSE
	EndGlobalSection
	GlobalSection(ExtensibilityGlobals) = postSolution
		SolutionGuid = {0A033451-483B-4F89-89B9-E42774EE90EB}
	EndGlobalSection
EndGlobal
