
Microsoft Visual Studio Solution File, Format Version 12.00
# Visual Studio Version 16
VisualStudioVersion = 16.0.30204.135
MinimumVisualStudioVersion = 10.0.40219.1
Project("{FAE04EC0-301F-11D3-BF4B-00C04F79EFBC}") = "AutofacDemo", "AutofacDemo\AutofacDemo.csproj", "{53BC85C2-CE6B-4C72-AA89-4146A5F1563E}"
EndProject
Global
	GlobalSection(SolutionConfigurationPlatforms) = preSolution
		Debug|Any CPU = Debug|Any CPU
		Release|Any CPU = Release|Any CPU
	EndGlobalSection
	GlobalSection(ProjectConfigurationPlatforms) = postSolution
		{53BC85C2-CE6B-4C72-AA89-4146A5F1563E}.Debug|Any CPU.ActiveCfg = Debug|Any CPU
		{53BC85C2-CE6B-4C72-AA89-4146A5F1563E}.Debug|Any CPU.Build.0 = Debug|Any CPU
		{53BC85C2-CE6B-4C72-AA89-4146A5F1563E}.Release|Any CPU.ActiveCfg = Release|Any CPU
		{53BC85C2-CE6B-4C72-AA89-4146A5F1563E}.Release|Any CPU.Build.0 = Release|Any CPU
	EndGlobalSection
	GlobalSection(SolutionProperties) = preSolution
		HideSolutionNode = FALSE
	EndGlobalSection
	GlobalSection(ExtensibilityGlobals) = postSolution
		SolutionGuid = {2C306E97-913E-46CE-80DF-CC057F4BBFF6}
	EndGlobalSection
EndGlobal
