
Microsoft Visual Studio Solution File, Format Version 12.00
# Visual Studio 15
VisualStudioVersion = 15.0.28307.271
MinimumVisualStudioVersion = 10.0.40219.1
Project("{FAE04EC0-301F-11D3-BF4B-00C04F79EFBC}") = "front_end", "front_end\front_end.csproj", "{56A56198-B29D-4240-AB1E-63B53C5B1154}"
EndProject
Project("{FAE04EC0-301F-11D3-BF4B-00C04F79EFBC}") = "back_end", "back_end\back_end.csproj", "{D704E866-649E-4C88-8612-277B46089331}"
EndProject
Project("{E24C65DC-7377-472B-9ABA-BC803B73C61A}") = "responsive_web_design(1)", "responsive_web_design\", "{3FE77CB2-0DD8-4380-8ED2-220A37197D57}"
	ProjectSection(WebsiteProperties) = preProject
		TargetFrameworkMoniker = ".NETFramework,Version%3Dv4.6.1"
		Debug.AspNetCompiler.VirtualPath = "/localhost_6550"
		Debug.AspNetCompiler.PhysicalPath = "responsive_web_design\"
		Debug.AspNetCompiler.TargetPath = "PrecompiledWeb\localhost_6550\"
		Debug.AspNetCompiler.Updateable = "true"
		Debug.AspNetCompiler.ForceOverwrite = "true"
		Debug.AspNetCompiler.FixedNames = "false"
		Debug.AspNetCompiler.Debug = "True"
		Release.AspNetCompiler.VirtualPath = "/localhost_6550"
		Release.AspNetCompiler.PhysicalPath = "responsive_web_design\"
		Release.AspNetCompiler.TargetPath = "PrecompiledWeb\localhost_6550\"
		Release.AspNetCompiler.Updateable = "true"
		Release.AspNetCompiler.ForceOverwrite = "true"
		Release.AspNetCompiler.FixedNames = "false"
		Release.AspNetCompiler.Debug = "False"
		VWDPort = "6550"
		SlnRelativePath = "responsive_web_design\"
		DefaultWebSiteLanguage = "Visual C#"
	EndProjectSection
EndProject
Global
	GlobalSection(SolutionConfigurationPlatforms) = preSolution
		Debug|Any CPU = Debug|Any CPU
		Release|Any CPU = Release|Any CPU
	EndGlobalSection
	GlobalSection(ProjectConfigurationPlatforms) = postSolution
		{56A56198-B29D-4240-AB1E-63B53C5B1154}.Debug|Any CPU.ActiveCfg = Debug|Any CPU
		{56A56198-B29D-4240-AB1E-63B53C5B1154}.Debug|Any CPU.Build.0 = Debug|Any CPU
		{56A56198-B29D-4240-AB1E-63B53C5B1154}.Release|Any CPU.ActiveCfg = Release|Any CPU
		{56A56198-B29D-4240-AB1E-63B53C5B1154}.Release|Any CPU.Build.0 = Release|Any CPU
		{D704E866-649E-4C88-8612-277B46089331}.Debug|Any CPU.ActiveCfg = Debug|Any CPU
		{D704E866-649E-4C88-8612-277B46089331}.Debug|Any CPU.Build.0 = Debug|Any CPU
		{D704E866-649E-4C88-8612-277B46089331}.Release|Any CPU.ActiveCfg = Release|Any CPU
		{D704E866-649E-4C88-8612-277B46089331}.Release|Any CPU.Build.0 = Release|Any CPU
		{3FE77CB2-0DD8-4380-8ED2-220A37197D57}.Debug|Any CPU.ActiveCfg = Debug|Any CPU
		{3FE77CB2-0DD8-4380-8ED2-220A37197D57}.Debug|Any CPU.Build.0 = Debug|Any CPU
		{3FE77CB2-0DD8-4380-8ED2-220A37197D57}.Release|Any CPU.ActiveCfg = Debug|Any CPU
		{3FE77CB2-0DD8-4380-8ED2-220A37197D57}.Release|Any CPU.Build.0 = Debug|Any CPU
	EndGlobalSection
	GlobalSection(SolutionProperties) = preSolution
		HideSolutionNode = FALSE
	EndGlobalSection
	GlobalSection(ExtensibilityGlobals) = postSolution
		SolutionGuid = {F15F98CE-09C2-41E2-BA62-8262E7DAED38}
	EndGlobalSection
EndGlobal
