
Microsoft Visual Studio Solution File, Format Version 12.00
# Visual Studio Version 16
VisualStudioVersion = 16.0.29926.136
MinimumVisualStudioVersion = 10.0.40219.1
Project("{FAE04EC0-301F-11D3-BF4B-00C04F79EFBC}") = "SimpleAccountSystem", "SimpleAccountSystem\SimpleAccountSystem.csproj", "{47D16933-7ED1-4228-A31E-964B19D6D66A}"
EndProject
Global
	GlobalSection(SolutionConfigurationPlatforms) = preSolution
		Debug|Any CPU = Debug|Any CPU
		Release|Any CPU = Release|Any CPU
	EndGlobalSection
	GlobalSection(ProjectConfigurationPlatforms) = postSolution
		{47D16933-7ED1-4228-A31E-964B19D6D66A}.Debug|Any CPU.ActiveCfg = Debug|Any CPU
		{47D16933-7ED1-4228-A31E-964B19D6D66A}.Debug|Any CPU.Build.0 = Debug|Any CPU
		{47D16933-7ED1-4228-A31E-964B19D6D66A}.Release|Any CPU.ActiveCfg = Release|Any CPU
		{47D16933-7ED1-4228-A31E-964B19D6D66A}.Release|Any CPU.Build.0 = Release|Any CPU
	EndGlobalSection
	GlobalSection(SolutionProperties) = preSolution
		HideSolutionNode = FALSE
	EndGlobalSection
	GlobalSection(ExtensibilityGlobals) = postSolution
		SolutionGuid = {95C86A1E-7FE1-4D0E-8966-2B9C026F3756}
	EndGlobalSection
EndGlobal
