
Microsoft Visual Studio Solution File, Format Version 12.00
# Visual Studio 15
VisualStudioVersion = 15.0.28307.271
MinimumVisualStudioVersion = 10.0.40219.1
Project("{FAE04EC0-301F-11D3-BF4B-00C04F79EFBC}") = "07WebAPI", "07WebAPI\07WebAPI.csproj", "{A18581C4-8AE5-4498-A854-87ABC1158F4D}"
EndProject
Global
	GlobalSection(SolutionConfigurationPlatforms) = preSolution
		Debug|Any CPU = Debug|Any CPU
		Release|Any CPU = Release|Any CPU
	EndGlobalSection
	GlobalSection(ProjectConfigurationPlatforms) = postSolution
		{A18581C4-8AE5-4498-A854-87ABC1158F4D}.Debug|Any CPU.ActiveCfg = Debug|Any CPU
		{A18581C4-8AE5-4498-A854-87ABC1158F4D}.Debug|Any CPU.Build.0 = Debug|Any CPU
		{A18581C4-8AE5-4498-A854-87ABC1158F4D}.Release|Any CPU.ActiveCfg = Release|Any CPU
		{A18581C4-8AE5-4498-A854-87ABC1158F4D}.Release|Any CPU.Build.0 = Release|Any CPU
	EndGlobalSection
	GlobalSection(SolutionProperties) = preSolution
		HideSolutionNode = FALSE
	EndGlobalSection
	GlobalSection(ExtensibilityGlobals) = postSolution
		SolutionGuid = {E368CFBD-0456-444D-BDF9-D55C2E97E7AE}
	EndGlobalSection
EndGlobal
