
Microsoft Visual Studio Solution File, Format Version 12.00
# Visual Studio 15
VisualStudioVersion = 15.0.28307.271
MinimumVisualStudioVersion = 10.0.40219.1
Project("{FAE04EC0-301F-11D3-BF4B-00C04F79EFBC}") = "MVC2", "MVC2\MVC2.csproj", "{CD409FCB-2C35-42A8-B38D-499868A3A6A8}"
EndProject
Global
	GlobalSection(SolutionConfigurationPlatforms) = preSolution
		Debug|Any CPU = Debug|Any CPU
		Release|Any CPU = Release|Any CPU
	EndGlobalSection
	GlobalSection(ProjectConfigurationPlatforms) = postSolution
		{CD409FCB-2C35-42A8-B38D-499868A3A6A8}.Debug|Any CPU.ActiveCfg = Debug|Any CPU
		{CD409FCB-2C35-42A8-B38D-499868A3A6A8}.Debug|Any CPU.Build.0 = Debug|Any CPU
		{CD409FCB-2C35-42A8-B38D-499868A3A6A8}.Release|Any CPU.ActiveCfg = Release|Any CPU
		{CD409FCB-2C35-42A8-B38D-499868A3A6A8}.Release|Any CPU.Build.0 = Release|Any CPU
	EndGlobalSection
	GlobalSection(SolutionProperties) = preSolution
		HideSolutionNode = FALSE
	EndGlobalSection
	GlobalSection(ExtensibilityGlobals) = postSolution
		SolutionGuid = {DAF7D2F1-5C42-411B-8238-A36AE63F364C}
	EndGlobalSection
EndGlobal
