
Microsoft Visual Studio Solution File, Format Version 12.00
# Visual Studio 15
VisualStudioVersion = 15.0.28307.271
MinimumVisualStudioVersion = 10.0.40219.1
Project("{FAE04EC0-301F-11D3-BF4B-00C04F79EFBC}") = "04Model_EF", "04Model_EF\04Model_EF.csproj", "{657B0512-8EED-4ECC-B452-D6C0E8EFABED}"
EndProject
Global
	GlobalSection(SolutionConfigurationPlatforms) = preSolution
		Debug|Any CPU = Debug|Any CPU
		Release|Any CPU = Release|Any CPU
	EndGlobalSection
	GlobalSection(ProjectConfigurationPlatforms) = postSolution
		{657B0512-8EED-4ECC-B452-D6C0E8EFABED}.Debug|Any CPU.ActiveCfg = Debug|Any CPU
		{657B0512-8EED-4ECC-B452-D6C0E8EFABED}.Debug|Any CPU.Build.0 = Debug|Any CPU
		{657B0512-8EED-4ECC-B452-D6C0E8EFABED}.Release|Any CPU.ActiveCfg = Release|Any CPU
		{657B0512-8EED-4ECC-B452-D6C0E8EFABED}.Release|Any CPU.Build.0 = Release|Any CPU
	EndGlobalSection
	GlobalSection(SolutionProperties) = preSolution
		HideSolutionNode = FALSE
	EndGlobalSection
	GlobalSection(ExtensibilityGlobals) = postSolution
		SolutionGuid = {624E1C89-C8B4-42E4-8E94-B19997B2C065}
	EndGlobalSection
EndGlobal
